// !$*UTF8*$!
{
	archiveVersion = 1;
	classes = {
	};
	objectVersion = 51;
	objects = {

/* Begin PBXBuildFile section */
		209EB8BF0709639E933CDD4C /* Pods_task5MADtry2Tests.framework in Frameworks */ = {isa = PBXBuildFile; fileRef = 29F14394E66BCB28D595221A /* Pods_task5MADtry2Tests.framework */; };
		93BC6D5C264D0AA100566508 /* AppDelegate.swift in Sources */ = {isa = PBXBuildFile; fileRef = 93BC6D5B264D0AA100566508 /* AppDelegate.swift */; };
		93BC6D5E264D0AA100566508 /* SceneDelegate.swift in Sources */ = {isa = PBXBuildFile; fileRef = 93BC6D5D264D0AA100566508 /* SceneDelegate.swift */; };
		93BC6D60264D0AA100566508 /* ViewControllerHello.swift in Sources */ = {isa = PBXBuildFile; fileRef = 93BC6D5F264D0AA100566508 /* ViewControllerHello.swift */; };
		93BC6D63264D0AA100566508 /* Main.storyboard in Resources */ = {isa = PBXBuildFile; fileRef = 93BC6D61264D0AA100566508 /* Main.storyboard */; };
		93BC6D65264D0AA300566508 /* Assets.xcassets in Resources */ = {isa = PBXBuildFile; fileRef = 93BC6D64264D0AA300566508 /* Assets.xcassets */; };
		93BC6D68264D0AA300566508 /* LaunchScreen.storyboard in Resources */ = {isa = PBXBuildFile; fileRef = 93BC6D66264D0AA300566508 /* LaunchScreen.storyboard */; };
		93BC6D73264D0AA300566508 /* task5MADtry2Tests.swift in Sources */ = {isa = PBXBuildFile; fileRef = 93BC6D72264D0AA300566508 /* task5MADtry2Tests.swift */; };
		93BC6D7E264D0AA400566508 /* task5MADtry2UITests.swift in Sources */ = {isa = PBXBuildFile; fileRef = 93BC6D7D264D0AA400566508 /* task5MADtry2UITests.swift */; };
		93BC6D83264D0AA400566508 /* task5MADtry2 WatchKit App.app in Embed Watch Content */ = {isa = PBXBuildFile; fileRef = 93BC6D82264D0AA400566508 /* task5MADtry2 WatchKit App.app */; settings = {ATTRIBUTES = (RemoveHeadersOnCopy, ); }; };
		93BC6D89264D0AA400566508 /* Interface.storyboard in Resources */ = {isa = PBXBuildFile; fileRef = 93BC6D87264D0AA400566508 /* Interface.storyboard */; };
		93BC6D8B264D0AA500566508 /* Assets.xcassets in Resources */ = {isa = PBXBuildFile; fileRef = 93BC6D8A264D0AA500566508 /* Assets.xcassets */; };
		93BC6D92264D0AA500566508 /* task5MADtry2 WatchKit Extension.appex in Embed App Extensions */ = {isa = PBXBuildFile; fileRef = 93BC6D91264D0AA500566508 /* task5MADtry2 WatchKit Extension.appex */; settings = {ATTRIBUTES = (RemoveHeadersOnCopy, ); }; };
		93BC6D97264D0AA500566508 /* InterfaceController.swift in Sources */ = {isa = PBXBuildFile; fileRef = 93BC6D96264D0AA500566508 /* InterfaceController.swift */; };
		93BC6D99264D0AA500566508 /* ExtensionDelegate.swift in Sources */ = {isa = PBXBuildFile; fileRef = 93BC6D98264D0AA500566508 /* ExtensionDelegate.swift */; };
		93BC6D9B264D0AA500566508 /* NotificationController.swift in Sources */ = {isa = PBXBuildFile; fileRef = 93BC6D9A264D0AA500566508 /* NotificationController.swift */; };
		93BC6D9D264D0AA500566508 /* ComplicationController.swift in Sources */ = {isa = PBXBuildFile; fileRef = 93BC6D9C264D0AA500566508 /* ComplicationController.swift */; };
		93BC6D9F264D0AA700566508 /* Assets.xcassets in Resources */ = {isa = PBXBuildFile; fileRef = 93BC6D9E264D0AA700566508 /* Assets.xcassets */; };
		93BC6DC5264D0B2200566508 /* Alegreya-Regular.ttf in Resources */ = {isa = PBXBuildFile; fileRef = 93BC6DBB264D0B1F00566508 /* Alegreya-Regular.ttf */; };
		93BC6DC6264D0B2200566508 /* Alegreya-Regular.ttf in Resources */ = {isa = PBXBuildFile; fileRef = 93BC6DBB264D0B1F00566508 /* Alegreya-Regular.ttf */; };
		93BC6DC7264D0B2200566508 /* Alegreya-Regular.ttf in Resources */ = {isa = PBXBuildFile; fileRef = 93BC6DBB264D0B1F00566508 /* Alegreya-Regular.ttf */; };
		93BC6DC8264D0B2200566508 /* Alegreya-MediumItalic.ttf in Resources */ = {isa = PBXBuildFile; fileRef = 93BC6DBC264D0B2000566508 /* Alegreya-MediumItalic.ttf */; };
		93BC6DC9264D0B2200566508 /* Alegreya-MediumItalic.ttf in Resources */ = {isa = PBXBuildFile; fileRef = 93BC6DBC264D0B2000566508 /* Alegreya-MediumItalic.ttf */; };
		93BC6DCA264D0B2200566508 /* Alegreya-MediumItalic.ttf in Resources */ = {isa = PBXBuildFile; fileRef = 93BC6DBC264D0B2000566508 /* Alegreya-MediumItalic.ttf */; };
		93BC6DCB264D0B2200566508 /* Alegreya-Bold.ttf in Resources */ = {isa = PBXBuildFile; fileRef = 93BC6DBD264D0B2000566508 /* Alegreya-Bold.ttf */; };
		93BC6DCC264D0B2200566508 /* Alegreya-Bold.ttf in Resources */ = {isa = PBXBuildFile; fileRef = 93BC6DBD264D0B2000566508 /* Alegreya-Bold.ttf */; };
		93BC6DCD264D0B2200566508 /* Alegreya-Bold.ttf in Resources */ = {isa = PBXBuildFile; fileRef = 93BC6DBD264D0B2000566508 /* Alegreya-Bold.ttf */; };
		93BC6DCE264D0B2200566508 /* Alegreya-BlackItalic.ttf in Resources */ = {isa = PBXBuildFile; fileRef = 93BC6DBE264D0B2000566508 /* Alegreya-BlackItalic.ttf */; };
		93BC6DCF264D0B2200566508 /* Alegreya-BlackItalic.ttf in Resources */ = {isa = PBXBuildFile; fileRef = 93BC6DBE264D0B2000566508 /* Alegreya-BlackItalic.ttf */; };
		93BC6DD0264D0B2200566508 /* Alegreya-BlackItalic.ttf in Resources */ = {isa = PBXBuildFile; fileRef = 93BC6DBE264D0B2000566508 /* Alegreya-BlackItalic.ttf */; };
		93BC6DD1264D0B2200566508 /* Alegreya-BoldItalic.ttf in Resources */ = {isa = PBXBuildFile; fileRef = 93BC6DBF264D0B2100566508 /* Alegreya-BoldItalic.ttf */; };
		93BC6DD2264D0B2200566508 /* Alegreya-BoldItalic.ttf in Resources */ = {isa = PBXBuildFile; fileRef = 93BC6DBF264D0B2100566508 /* Alegreya-BoldItalic.ttf */; };
		93BC6DD3264D0B2200566508 /* Alegreya-BoldItalic.ttf in Resources */ = {isa = PBXBuildFile; fileRef = 93BC6DBF264D0B2100566508 /* Alegreya-BoldItalic.ttf */; };
		93BC6DD4264D0B2200566508 /* Alegreya-Italic.ttf in Resources */ = {isa = PBXBuildFile; fileRef = 93BC6DC0264D0B2100566508 /* Alegreya-Italic.ttf */; };
		93BC6DD5264D0B2200566508 /* Alegreya-Italic.ttf in Resources */ = {isa = PBXBuildFile; fileRef = 93BC6DC0264D0B2100566508 /* Alegreya-Italic.ttf */; };
		93BC6DD6264D0B2200566508 /* Alegreya-Italic.ttf in Resources */ = {isa = PBXBuildFile; fileRef = 93BC6DC0264D0B2100566508 /* Alegreya-Italic.ttf */; };
		93BC6DD7264D0B2200566508 /* Alegreya-ExtraBoldItalic.ttf in Resources */ = {isa = PBXBuildFile; fileRef = 93BC6DC1264D0B2100566508 /* Alegreya-ExtraBoldItalic.ttf */; };
		93BC6DD8264D0B2200566508 /* Alegreya-ExtraBoldItalic.ttf in Resources */ = {isa = PBXBuildFile; fileRef = 93BC6DC1264D0B2100566508 /* Alegreya-ExtraBoldItalic.ttf */; };
		93BC6DD9264D0B2200566508 /* Alegreya-ExtraBoldItalic.ttf in Resources */ = {isa = PBXBuildFile; fileRef = 93BC6DC1264D0B2100566508 /* Alegreya-ExtraBoldItalic.ttf */; };
		93BC6DDA264D0B2200566508 /* Alegreya-Medium.ttf in Resources */ = {isa = PBXBuildFile; fileRef = 93BC6DC2264D0B2100566508 /* Alegreya-Medium.ttf */; };
		93BC6DDB264D0B2200566508 /* Alegreya-Medium.ttf in Resources */ = {isa = PBXBuildFile; fileRef = 93BC6DC2264D0B2100566508 /* Alegreya-Medium.ttf */; };
		93BC6DDC264D0B2200566508 /* Alegreya-Medium.ttf in Resources */ = {isa = PBXBuildFile; fileRef = 93BC6DC2264D0B2100566508 /* Alegreya-Medium.ttf */; };
		93BC6DDD264D0B2200566508 /* Alegreya-Black.ttf in Resources */ = {isa = PBXBuildFile; fileRef = 93BC6DC3264D0B2100566508 /* Alegreya-Black.ttf */; };
		93BC6DDE264D0B2200566508 /* Alegreya-Black.ttf in Resources */ = {isa = PBXBuildFile; fileRef = 93BC6DC3264D0B2100566508 /* Alegreya-Black.ttf */; };
		93BC6DDF264D0B2200566508 /* Alegreya-Black.ttf in Resources */ = {isa = PBXBuildFile; fileRef = 93BC6DC3264D0B2100566508 /* Alegreya-Black.ttf */; };
		93BC6DE0264D0B2200566508 /* Alegreya-ExtraBold.ttf in Resources */ = {isa = PBXBuildFile; fileRef = 93BC6DC4264D0B2200566508 /* Alegreya-ExtraBold.ttf */; };
		93BC6DE1264D0B2200566508 /* Alegreya-ExtraBold.ttf in Resources */ = {isa = PBXBuildFile; fileRef = 93BC6DC4264D0B2200566508 /* Alegreya-ExtraBold.ttf */; };
		93BC6DE2264D0B2200566508 /* Alegreya-ExtraBold.ttf in Resources */ = {isa = PBXBuildFile; fileRef = 93BC6DC4264D0B2200566508 /* Alegreya-ExtraBold.ttf */; };
		93BC6DFD264D0DB100566508 /* ViewControllerLogin.swift in Sources */ = {isa = PBXBuildFile; fileRef = 93BC6DFC264D0DB100566508 /* ViewControllerLogin.swift */; };
		93BC6E09264D0DC200566508 /* ViewControllerRegister.swift in Sources */ = {isa = PBXBuildFile; fileRef = 93BC6E08264D0DC200566508 /* ViewControllerRegister.swift */; };
		93BC6E10264D1DA300566508 /* ApiClient.swift in Sources */ = {isa = PBXBuildFile; fileRef = 93BC6E0F264D1DA300566508 /* ApiClient.swift */; };
		93BC6E1C264D1DAD00566508 /* ApiClient.swift in Sources */ = {isa = PBXBuildFile; fileRef = 93BC6E0F264D1DA300566508 /* ApiClient.swift */; };
		93BC6E23264D2EC400566508 /* ViewControllerHome.swift in Sources */ = {isa = PBXBuildFile; fileRef = 93BC6E22264D2EC400566508 /* ViewControllerHome.swift */; };
		A6BB6E6518D0B433D871ABCC /* Pods_task5MADtry2_task5MADtry2UITests.framework in Frameworks */ = {isa = PBXBuildFile; fileRef = CF5C1F2FFA6D5B1E7572F2CA /* Pods_task5MADtry2_task5MADtry2UITests.framework */; };
		AAF4A56ED6C8F1947BF49E90 /* Pods_task5MADtry2_WatchKit_App.framework in Frameworks */ = {isa = PBXBuildFile; fileRef = C9922C6CB75A60C1342EE1B9 /* Pods_task5MADtry2_WatchKit_App.framework */; };
		D42C334444D217A15E6EE95F /* Pods_task5MADtry2_WatchKit_Extension.framework in Frameworks */ = {isa = PBXBuildFile; fileRef = 5DE7B2F426DE8D6A2BBD7ABE /* Pods_task5MADtry2_WatchKit_Extension.framework */; };
		FCCEB405EAB44C3CEDB38D32 /* Pods_task5MADtry2.framework in Frameworks */ = {isa = PBXBuildFile; fileRef = 064137074256ACA6641380EC /* Pods_task5MADtry2.framework */; };
/* End PBXBuildFile section */

/* Begin PBXContainerItemProxy section */
		93BC6D6F264D0AA300566508 /* PBXContainerItemProxy */ = {
			isa = PBXContainerItemProxy;
			containerPortal = 93BC6D50264D0AA100566508 /* Project object */;
			proxyType = 1;
			remoteGlobalIDString = 93BC6D57264D0AA100566508;
			remoteInfo = task5MADtry2;
		};
		93BC6D7A264D0AA400566508 /* PBXContainerItemProxy */ = {
			isa = PBXContainerItemProxy;
			containerPortal = 93BC6D50264D0AA100566508 /* Project object */;
			proxyType = 1;
			remoteGlobalIDString = 93BC6D57264D0AA100566508;
			remoteInfo = task5MADtry2;
		};
		93BC6D84264D0AA400566508 /* PBXContainerItemProxy */ = {
			isa = PBXContainerItemProxy;
			containerPortal = 93BC6D50264D0AA100566508 /* Project object */;
			proxyType = 1;
			remoteGlobalIDString = 93BC6D81264D0AA400566508;
			remoteInfo = "task5MADtry2 WatchKit App";
		};
		93BC6D93264D0AA500566508 /* PBXContainerItemProxy */ = {
			isa = PBXContainerItemProxy;
			containerPortal = 93BC6D50264D0AA100566508 /* Project object */;
			proxyType = 1;
			remoteGlobalIDString = 93BC6D90264D0AA500566508;
			remoteInfo = "task5MADtry2 WatchKit Extension";
		};
/* End PBXContainerItemProxy section */

/* Begin PBXCopyFilesBuildPhase section */
		93BC6DA7264D0AA700566508 /* Embed App Extensions */ = {
			isa = PBXCopyFilesBuildPhase;
			buildActionMask = 2147483647;
			dstPath = "";
			dstSubfolderSpec = 13;
			files = (
				93BC6D92264D0AA500566508 /* task5MADtry2 WatchKit Extension.appex in Embed App Extensions */,
			);
			name = "Embed App Extensions";
			runOnlyForDeploymentPostprocessing = 0;
		};
		93BC6DAB264D0AA700566508 /* Embed Watch Content */ = {
			isa = PBXCopyFilesBuildPhase;
			buildActionMask = 2147483647;
			dstPath = "$(CONTENTS_FOLDER_PATH)/Watch";
			dstSubfolderSpec = 16;
			files = (
				93BC6D83264D0AA400566508 /* task5MADtry2 WatchKit App.app in Embed Watch Content */,
			);
			name = "Embed Watch Content";
			runOnlyForDeploymentPostprocessing = 0;
		};
/* End PBXCopyFilesBuildPhase section */

/* Begin PBXFileReference section */
		064137074256ACA6641380EC /* Pods_task5MADtry2.framework */ = {isa = PBXFileReference; explicitFileType = wrapper.framework; includeInIndex = 0; path = Pods_task5MADtry2.framework; sourceTree = BUILT_PRODUCTS_DIR; };
		29F14394E66BCB28D595221A /* Pods_task5MADtry2Tests.framework */ = {isa = PBXFileReference; explicitFileType = wrapper.framework; includeInIndex = 0; path = Pods_task5MADtry2Tests.framework; sourceTree = BUILT_PRODUCTS_DIR; };
		2A87B923A3BA40D8E7A9C72F /* Pods-task5MADtry2-task5MADtry2UITests.release.xcconfig */ = {isa = PBXFileReference; includeInIndex = 1; lastKnownFileType = text.xcconfig; name = "Pods-task5MADtry2-task5MADtry2UITests.release.xcconfig"; path = "Target Support Files/Pods-task5MADtry2-task5MADtry2UITests/Pods-task5MADtry2-task5MADtry2UITests.release.xcconfig"; sourceTree = "<group>"; };
		5DE7B2F426DE8D6A2BBD7ABE /* Pods_task5MADtry2_WatchKit_Extension.framework */ = {isa = PBXFileReference; explicitFileType = wrapper.framework; includeInIndex = 0; path = Pods_task5MADtry2_WatchKit_Extension.framework; sourceTree = BUILT_PRODUCTS_DIR; };
		6178A2A38560CE20F6F943C2 /* Pods-task5MADtry2 WatchKit Extension.debug.xcconfig */ = {isa = PBXFileReference; includeInIndex = 1; lastKnownFileType = text.xcconfig; name = "Pods-task5MADtry2 WatchKit Extension.debug.xcconfig"; path = "Target Support Files/Pods-task5MADtry2 WatchKit Extension/Pods-task5MADtry2 WatchKit Extension.debug.xcconfig"; sourceTree = "<group>"; };
		65EC87708342A4F7CCA53C15 /* Pods-task5MADtry2Tests.debug.xcconfig */ = {isa = PBXFileReference; includeInIndex = 1; lastKnownFileType = text.xcconfig; name = "Pods-task5MADtry2Tests.debug.xcconfig"; path = "Target Support Files/Pods-task5MADtry2Tests/Pods-task5MADtry2Tests.debug.xcconfig"; sourceTree = "<group>"; };
		6EAFB791436DA019C116C6A0 /* Pods-task5MADtry2 WatchKit Extension.release.xcconfig */ = {isa = PBXFileReference; includeInIndex = 1; lastKnownFileType = text.xcconfig; name = "Pods-task5MADtry2 WatchKit Extension.release.xcconfig"; path = "Target Support Files/Pods-task5MADtry2 WatchKit Extension/Pods-task5MADtry2 WatchKit Extension.release.xcconfig"; sourceTree = "<group>"; };
		844E8BEDA4CF278B1E0401AA /* Pods-task5MADtry2.debug.xcconfig */ = {isa = PBXFileReference; includeInIndex = 1; lastKnownFileType = text.xcconfig; name = "Pods-task5MADtry2.debug.xcconfig"; path = "Target Support Files/Pods-task5MADtry2/Pods-task5MADtry2.debug.xcconfig"; sourceTree = "<group>"; };
		93BC6D58264D0AA100566508 /* task5MADtry2.app */ = {isa = PBXFileReference; explicitFileType = wrapper.application; includeInIndex = 0; path = task5MADtry2.app; sourceTree = BUILT_PRODUCTS_DIR; };
		93BC6D5B264D0AA100566508 /* AppDelegate.swift */ = {isa = PBXFileReference; lastKnownFileType = sourcecode.swift; path = AppDelegate.swift; sourceTree = "<group>"; };
		93BC6D5D264D0AA100566508 /* SceneDelegate.swift */ = {isa = PBXFileReference; lastKnownFileType = sourcecode.swift; path = SceneDelegate.swift; sourceTree = "<group>"; };
		93BC6D5F264D0AA100566508 /* ViewControllerHello.swift */ = {isa = PBXFileReference; lastKnownFileType = sourcecode.swift; path = ViewControllerHello.swift; sourceTree = "<group>"; };
		93BC6D62264D0AA100566508 /* Base */ = {isa = PBXFileReference; lastKnownFileType = file.storyboard; name = Base; path = Base.lproj/Main.storyboard; sourceTree = "<group>"; };
		93BC6D64264D0AA300566508 /* Assets.xcassets */ = {isa = PBXFileReference; lastKnownFileType = folder.assetcatalog; path = Assets.xcassets; sourceTree = "<group>"; };
		93BC6D67264D0AA300566508 /* Base */ = {isa = PBXFileReference; lastKnownFileType = file.storyboard; name = Base; path = Base.lproj/LaunchScreen.storyboard; sourceTree = "<group>"; };
		93BC6D69264D0AA300566508 /* Info.plist */ = {isa = PBXFileReference; lastKnownFileType = text.plist.xml; path = Info.plist; sourceTree = "<group>"; };
		93BC6D6E264D0AA300566508 /* task5MADtry2Tests.xctest */ = {isa = PBXFileReference; explicitFileType = wrapper.cfbundle; includeInIndex = 0; path = task5MADtry2Tests.xctest; sourceTree = BUILT_PRODUCTS_DIR; };
		93BC6D72264D0AA300566508 /* task5MADtry2Tests.swift */ = {isa = PBXFileReference; lastKnownFileType = sourcecode.swift; path = task5MADtry2Tests.swift; sourceTree = "<group>"; };
		93BC6D74264D0AA300566508 /* Info.plist */ = {isa = PBXFileReference; lastKnownFileType = text.plist.xml; path = Info.plist; sourceTree = "<group>"; };
		93BC6D79264D0AA400566508 /* task5MADtry2UITests.xctest */ = {isa = PBXFileReference; explicitFileType = wrapper.cfbundle; includeInIndex = 0; path = task5MADtry2UITests.xctest; sourceTree = BUILT_PRODUCTS_DIR; };
		93BC6D7D264D0AA400566508 /* task5MADtry2UITests.swift */ = {isa = PBXFileReference; lastKnownFileType = sourcecode.swift; path = task5MADtry2UITests.swift; sourceTree = "<group>"; };
		93BC6D7F264D0AA400566508 /* Info.plist */ = {isa = PBXFileReference; lastKnownFileType = text.plist.xml; path = Info.plist; sourceTree = "<group>"; };
		93BC6D82264D0AA400566508 /* task5MADtry2 WatchKit App.app */ = {isa = PBXFileReference; explicitFileType = wrapper.application; includeInIndex = 0; path = "task5MADtry2 WatchKit App.app"; sourceTree = BUILT_PRODUCTS_DIR; };
		93BC6D88264D0AA400566508 /* Base */ = {isa = PBXFileReference; lastKnownFileType = file.storyboard; name = Base; path = Base.lproj/Interface.storyboard; sourceTree = "<group>"; };
		93BC6D8A264D0AA500566508 /* Assets.xcassets */ = {isa = PBXFileReference; lastKnownFileType = folder.assetcatalog; path = Assets.xcassets; sourceTree = "<group>"; };
		93BC6D8C264D0AA500566508 /* Info.plist */ = {isa = PBXFileReference; lastKnownFileType = text.plist.xml; path = Info.plist; sourceTree = "<group>"; };
		93BC6D91264D0AA500566508 /* task5MADtry2 WatchKit Extension.appex */ = {isa = PBXFileReference; explicitFileType = "wrapper.app-extension"; includeInIndex = 0; path = "task5MADtry2 WatchKit Extension.appex"; sourceTree = BUILT_PRODUCTS_DIR; };
		93BC6D96264D0AA500566508 /* InterfaceController.swift */ = {isa = PBXFileReference; lastKnownFileType = sourcecode.swift; path = InterfaceController.swift; sourceTree = "<group>"; };
		93BC6D98264D0AA500566508 /* ExtensionDelegate.swift */ = {isa = PBXFileReference; lastKnownFileType = sourcecode.swift; path = ExtensionDelegate.swift; sourceTree = "<group>"; };
		93BC6D9A264D0AA500566508 /* NotificationController.swift */ = {isa = PBXFileReference; lastKnownFileType = sourcecode.swift; path = NotificationController.swift; sourceTree = "<group>"; };
		93BC6D9C264D0AA500566508 /* ComplicationController.swift */ = {isa = PBXFileReference; lastKnownFileType = sourcecode.swift; path = ComplicationController.swift; sourceTree = "<group>"; };
		93BC6D9E264D0AA700566508 /* Assets.xcassets */ = {isa = PBXFileReference; lastKnownFileType = folder.assetcatalog; path = Assets.xcassets; sourceTree = "<group>"; };
		93BC6DA0264D0AA700566508 /* Info.plist */ = {isa = PBXFileReference; lastKnownFileType = text.plist.xml; path = Info.plist; sourceTree = "<group>"; };
		93BC6DA1264D0AA700566508 /* PushNotificationPayload.apns */ = {isa = PBXFileReference; lastKnownFileType = text; path = PushNotificationPayload.apns; sourceTree = "<group>"; };
		93BC6DBB264D0B1F00566508 /* Alegreya-Regular.ttf */ = {isa = PBXFileReference; lastKnownFileType = file; path = "Alegreya-Regular.ttf"; sourceTree = "<group>"; };
		93BC6DBC264D0B2000566508 /* Alegreya-MediumItalic.ttf */ = {isa = PBXFileReference; lastKnownFileType = file; path = "Alegreya-MediumItalic.ttf"; sourceTree = "<group>"; };
		93BC6DBD264D0B2000566508 /* Alegreya-Bold.ttf */ = {isa = PBXFileReference; lastKnownFileType = file; path = "Alegreya-Bold.ttf"; sourceTree = "<group>"; };
		93BC6DBE264D0B2000566508 /* Alegreya-BlackItalic.ttf */ = {isa = PBXFileReference; lastKnownFileType = file; path = "Alegreya-BlackItalic.ttf"; sourceTree = "<group>"; };
		93BC6DBF264D0B2100566508 /* Alegreya-BoldItalic.ttf */ = {isa = PBXFileReference; lastKnownFileType = file; path = "Alegreya-BoldItalic.ttf"; sourceTree = "<group>"; };
		93BC6DC0264D0B2100566508 /* Alegreya-Italic.ttf */ = {isa = PBXFileReference; lastKnownFileType = file; path = "Alegreya-Italic.ttf"; sourceTree = "<group>"; };
		93BC6DC1264D0B2100566508 /* Alegreya-ExtraBoldItalic.ttf */ = {isa = PBXFileReference; lastKnownFileType = file; path = "Alegreya-ExtraBoldItalic.ttf"; sourceTree = "<group>"; };
		93BC6DC2264D0B2100566508 /* Alegreya-Medium.ttf */ = {isa = PBXFileReference; lastKnownFileType = file; path = "Alegreya-Medium.ttf"; sourceTree = "<group>"; };
		93BC6DC3264D0B2100566508 /* Alegreya-Black.ttf */ = {isa = PBXFileReference; lastKnownFileType = file; path = "Alegreya-Black.ttf"; sourceTree = "<group>"; };
		93BC6DC4264D0B2200566508 /* Alegreya-ExtraBold.ttf */ = {isa = PBXFileReference; lastKnownFileType = file; path = "Alegreya-ExtraBold.ttf"; sourceTree = "<group>"; };
		93BC6DFC264D0DB100566508 /* ViewControllerLogin.swift */ = {isa = PBXFileReference; lastKnownFileType = sourcecode.swift; path = ViewControllerLogin.swift; sourceTree = "<group>"; };
		93BC6E08264D0DC200566508 /* ViewControllerRegister.swift */ = {isa = PBXFileReference; lastKnownFileType = sourcecode.swift; path = ViewControllerRegister.swift; sourceTree = "<group>"; };
		93BC6E0F264D1DA300566508 /* ApiClient.swift */ = {isa = PBXFileReference; lastKnownFileType = sourcecode.swift; path = ApiClient.swift; sourceTree = "<group>"; };
		93BC6E22264D2EC400566508 /* ViewControllerHome.swift */ = {isa = PBXFileReference; lastKnownFileType = sourcecode.swift; path = ViewControllerHome.swift; sourceTree = "<group>"; };
		C9922C6CB75A60C1342EE1B9 /* Pods_task5MADtry2_WatchKit_App.framework */ = {isa = PBXFileReference; explicitFileType = wrapper.framework; includeInIndex = 0; path = Pods_task5MADtry2_WatchKit_App.framework; sourceTree = BUILT_PRODUCTS_DIR; };
		CB9AF130B3E49DB9DEFC8916 /* Pods-task5MADtry2 WatchKit App.release.xcconfig */ = {isa = PBXFileReference; includeInIndex = 1; lastKnownFileType = text.xcconfig; name = "Pods-task5MADtry2 WatchKit App.release.xcconfig"; path = "Target Support Files/Pods-task5MADtry2 WatchKit App/Pods-task5MADtry2 WatchKit App.release.xcconfig"; sourceTree = "<group>"; };
		CF5C1F2FFA6D5B1E7572F2CA /* Pods_task5MADtry2_task5MADtry2UITests.framework */ = {isa = PBXFileReference; explicitFileType = wrapper.framework; includeInIndex = 0; path = Pods_task5MADtry2_task5MADtry2UITests.framework; sourceTree = BUILT_PRODUCTS_DIR; };
		D74F82464F69AD2F20E7D5F4 /* Pods-task5MADtry2-task5MADtry2UITests.debug.xcconfig */ = {isa = PBXFileReference; includeInIndex = 1; lastKnownFileType = text.xcconfig; name = "Pods-task5MADtry2-task5MADtry2UITests.debug.xcconfig"; path = "Target Support Files/Pods-task5MADtry2-task5MADtry2UITests/Pods-task5MADtry2-task5MADtry2UITests.debug.xcconfig"; sourceTree = "<group>"; };
		E673BE201E4430A1ADB95E9A /* Pods-task5MADtry2 WatchKit App.debug.xcconfig */ = {isa = PBXFileReference; includeInIndex = 1; lastKnownFileType = text.xcconfig; name = "Pods-task5MADtry2 WatchKit App.debug.xcconfig"; path = "Target Support Files/Pods-task5MADtry2 WatchKit App/Pods-task5MADtry2 WatchKit App.debug.xcconfig"; sourceTree = "<group>"; };
		F20CC8349F70048353150D40 /* Pods-task5MADtry2Tests.release.xcconfig */ = {isa = PBXFileReference; includeInIndex = 1; lastKnownFileType = text.xcconfig; name = "Pods-task5MADtry2Tests.release.xcconfig"; path = "Target Support Files/Pods-task5MADtry2Tests/Pods-task5MADtry2Tests.release.xcconfig"; sourceTree = "<group>"; };
		F717B2CA522045485E0B14E3 /* Pods-task5MADtry2.release.xcconfig */ = {isa = PBXFileReference; includeInIndex = 1; lastKnownFileType = text.xcconfig; name = "Pods-task5MADtry2.release.xcconfig"; path = "Target Support Files/Pods-task5MADtry2/Pods-task5MADtry2.release.xcconfig"; sourceTree = "<group>"; };
/* End PBXFileReference section */

/* Begin PBXFrameworksBuildPhase section */
		6FFDD22185B2187D79E6E915 /* Frameworks */ = {
			isa = PBXFrameworksBuildPhase;
			buildActionMask = 2147483647;
			files = (
				AAF4A56ED6C8F1947BF49E90 /* Pods_task5MADtry2_WatchKit_App.framework in Frameworks */,
			);
			runOnlyForDeploymentPostprocessing = 0;
		};
		93BC6D55264D0AA100566508 /* Frameworks */ = {
			isa = PBXFrameworksBuildPhase;
			buildActionMask = 2147483647;
			files = (
				FCCEB405EAB44C3CEDB38D32 /* Pods_task5MADtry2.framework in Frameworks */,
			);
			runOnlyForDeploymentPostprocessing = 0;
		};
		93BC6D6B264D0AA300566508 /* Frameworks */ = {
			isa = PBXFrameworksBuildPhase;
			buildActionMask = 2147483647;
			files = (
				209EB8BF0709639E933CDD4C /* Pods_task5MADtry2Tests.framework in Frameworks */,
			);
			runOnlyForDeploymentPostprocessing = 0;
		};
		93BC6D76264D0AA400566508 /* Frameworks */ = {
			isa = PBXFrameworksBuildPhase;
			buildActionMask = 2147483647;
			files = (
				A6BB6E6518D0B433D871ABCC /* Pods_task5MADtry2_task5MADtry2UITests.framework in Frameworks */,
			);
			runOnlyForDeploymentPostprocessing = 0;
		};
		93BC6D8E264D0AA500566508 /* Frameworks */ = {
			isa = PBXFrameworksBuildPhase;
			buildActionMask = 2147483647;
			files = (
				D42C334444D217A15E6EE95F /* Pods_task5MADtry2_WatchKit_Extension.framework in Frameworks */,
			);
			runOnlyForDeploymentPostprocessing = 0;
		};
/* End PBXFrameworksBuildPhase section */

/* Begin PBXGroup section */
		55496C83B0C0CF5488229EAE /* Frameworks */ = {
			isa = PBXGroup;
			children = (
				064137074256ACA6641380EC /* Pods_task5MADtry2.framework */,
				C9922C6CB75A60C1342EE1B9 /* Pods_task5MADtry2_WatchKit_App.framework */,
				5DE7B2F426DE8D6A2BBD7ABE /* Pods_task5MADtry2_WatchKit_Extension.framework */,
				CF5C1F2FFA6D5B1E7572F2CA /* Pods_task5MADtry2_task5MADtry2UITests.framework */,
				29F14394E66BCB28D595221A /* Pods_task5MADtry2Tests.framework */,
			);
			name = Frameworks;
			sourceTree = "<group>";
		};
		854F8CB087F083178092059A /* Pods */ = {
			isa = PBXGroup;
			children = (
				844E8BEDA4CF278B1E0401AA /* Pods-task5MADtry2.debug.xcconfig */,
				F717B2CA522045485E0B14E3 /* Pods-task5MADtry2.release.xcconfig */,
				E673BE201E4430A1ADB95E9A /* Pods-task5MADtry2 WatchKit App.debug.xcconfig */,
				CB9AF130B3E49DB9DEFC8916 /* Pods-task5MADtry2 WatchKit App.release.xcconfig */,
				6178A2A38560CE20F6F943C2 /* Pods-task5MADtry2 WatchKit Extension.debug.xcconfig */,
				6EAFB791436DA019C116C6A0 /* Pods-task5MADtry2 WatchKit Extension.release.xcconfig */,
				D74F82464F69AD2F20E7D5F4 /* Pods-task5MADtry2-task5MADtry2UITests.debug.xcconfig */,
				2A87B923A3BA40D8E7A9C72F /* Pods-task5MADtry2-task5MADtry2UITests.release.xcconfig */,
				65EC87708342A4F7CCA53C15 /* Pods-task5MADtry2Tests.debug.xcconfig */,
				F20CC8349F70048353150D40 /* Pods-task5MADtry2Tests.release.xcconfig */,
			);
			path = Pods;
			sourceTree = "<group>";
		};
		93BC6D4F264D0AA100566508 = {
			isa = PBXGroup;
			children = (
				93BC6E0F264D1DA300566508 /* ApiClient.swift */,
				93BC6DBA264D0ABA00566508 /* Fonts */,
				93BC6D5A264D0AA100566508 /* task5MADtry2 */,
				93BC6D71264D0AA300566508 /* task5MADtry2Tests */,
				93BC6D7C264D0AA400566508 /* task5MADtry2UITests */,
				93BC6D86264D0AA400566508 /* task5MADtry2 WatchKit App */,
				93BC6D95264D0AA500566508 /* task5MADtry2 WatchKit Extension */,
				93BC6D59264D0AA100566508 /* Products */,
				854F8CB087F083178092059A /* Pods */,
				55496C83B0C0CF5488229EAE /* Frameworks */,
			);
			sourceTree = "<group>";
		};
		93BC6D59264D0AA100566508 /* Products */ = {
			isa = PBXGroup;
			children = (
				93BC6D58264D0AA100566508 /* task5MADtry2.app */,
				93BC6D6E264D0AA300566508 /* task5MADtry2Tests.xctest */,
				93BC6D79264D0AA400566508 /* task5MADtry2UITests.xctest */,
				93BC6D82264D0AA400566508 /* task5MADtry2 WatchKit App.app */,
				93BC6D91264D0AA500566508 /* task5MADtry2 WatchKit Extension.appex */,
			);
			name = Products;
			sourceTree = "<group>";
		};
		93BC6D5A264D0AA100566508 /* task5MADtry2 */ = {
			isa = PBXGroup;
			children = (
				93BC6DFB264D0D9400566508 /* vc's */,
				93BC6D5B264D0AA100566508 /* AppDelegate.swift */,
				93BC6D5D264D0AA100566508 /* SceneDelegate.swift */,
				93BC6D61264D0AA100566508 /* Main.storyboard */,
				93BC6D64264D0AA300566508 /* Assets.xcassets */,
				93BC6D66264D0AA300566508 /* LaunchScreen.storyboard */,
				93BC6D69264D0AA300566508 /* Info.plist */,
			);
			path = task5MADtry2;
			sourceTree = "<group>";
		};
		93BC6D71264D0AA300566508 /* task5MADtry2Tests */ = {
			isa = PBXGroup;
			children = (
				93BC6D72264D0AA300566508 /* task5MADtry2Tests.swift */,
				93BC6D74264D0AA300566508 /* Info.plist */,
			);
			path = task5MADtry2Tests;
			sourceTree = "<group>";
		};
		93BC6D7C264D0AA400566508 /* task5MADtry2UITests */ = {
			isa = PBXGroup;
			children = (
				93BC6D7D264D0AA400566508 /* task5MADtry2UITests.swift */,
				93BC6D7F264D0AA400566508 /* Info.plist */,
			);
			path = task5MADtry2UITests;
			sourceTree = "<group>";
		};
		93BC6D86264D0AA400566508 /* task5MADtry2 WatchKit App */ = {
			isa = PBXGroup;
			children = (
				93BC6D87264D0AA400566508 /* Interface.storyboard */,
				93BC6D8A264D0AA500566508 /* Assets.xcassets */,
				93BC6D8C264D0AA500566508 /* Info.plist */,
			);
			path = "task5MADtry2 WatchKit App";
			sourceTree = "<group>";
		};
		93BC6D95264D0AA500566508 /* task5MADtry2 WatchKit Extension */ = {
			isa = PBXGroup;
			children = (
				93BC6D96264D0AA500566508 /* InterfaceController.swift */,
				93BC6D98264D0AA500566508 /* ExtensionDelegate.swift */,
				93BC6D9A264D0AA500566508 /* NotificationController.swift */,
				93BC6D9C264D0AA500566508 /* ComplicationController.swift */,
				93BC6D9E264D0AA700566508 /* Assets.xcassets */,
				93BC6DA0264D0AA700566508 /* Info.plist */,
				93BC6DA1264D0AA700566508 /* PushNotificationPayload.apns */,
			);
			path = "task5MADtry2 WatchKit Extension";
			sourceTree = "<group>";
		};
		93BC6DBA264D0ABA00566508 /* Fonts */ = {
			isa = PBXGroup;
			children = (
				93BC6DC3264D0B2100566508 /* Alegreya-Black.ttf */,
				93BC6DBE264D0B2000566508 /* Alegreya-BlackItalic.ttf */,
				93BC6DBD264D0B2000566508 /* Alegreya-Bold.ttf */,
				93BC6DBF264D0B2100566508 /* Alegreya-BoldItalic.ttf */,
				93BC6DC4264D0B2200566508 /* Alegreya-ExtraBold.ttf */,
				93BC6DC1264D0B2100566508 /* Alegreya-ExtraBoldItalic.ttf */,
				93BC6DC0264D0B2100566508 /* Alegreya-Italic.ttf */,
				93BC6DC2264D0B2100566508 /* Alegreya-Medium.ttf */,
				93BC6DBC264D0B2000566508 /* Alegreya-MediumItalic.ttf */,
				93BC6DBB264D0B1F00566508 /* Alegreya-Regular.ttf */,
			);
			path = Fonts;
			sourceTree = "<group>";
		};
		93BC6DFB264D0D9400566508 /* vc's */ = {
			isa = PBXGroup;
			children = (
				93BC6D5F264D0AA100566508 /* ViewControllerHello.swift */,
				93BC6DFC264D0DB100566508 /* ViewControllerLogin.swift */,
				93BC6E08264D0DC200566508 /* ViewControllerRegister.swift */,
				93BC6E22264D2EC400566508 /* ViewControllerHome.swift */,
			);
			path = "vc's";
			sourceTree = "<group>";
		};
/* End PBXGroup section */

/* Begin PBXNativeTarget section */
		93BC6D57264D0AA100566508 /* task5MADtry2 */ = {
			isa = PBXNativeTarget;
			buildConfigurationList = 93BC6DAC264D0AA700566508 /* Build configuration list for PBXNativeTarget "task5MADtry2" */;
			buildPhases = (
				8B082C6F9D8AF6563736CA48 /* [CP] Check Pods Manifest.lock */,
				93BC6D54264D0AA100566508 /* Sources */,
				93BC6D55264D0AA100566508 /* Frameworks */,
				93BC6D56264D0AA100566508 /* Resources */,
				93BC6DAB264D0AA700566508 /* Embed Watch Content */,
				6EAC5CCFC7693652E7B7645D /* [CP] Embed Pods Frameworks */,
			);
			buildRules = (
			);
			dependencies = (
				93BC6D85264D0AA400566508 /* PBXTargetDependency */,
			);
			name = task5MADtry2;
			productName = task5MADtry2;
			productReference = 93BC6D58264D0AA100566508 /* task5MADtry2.app */;
			productType = "com.apple.product-type.application";
		};
		93BC6D6D264D0AA300566508 /* task5MADtry2Tests */ = {
			isa = PBXNativeTarget;
			buildConfigurationList = 93BC6DAF264D0AA700566508 /* Build configuration list for PBXNativeTarget "task5MADtry2Tests" */;
			buildPhases = (
				4EC45EC124A4F8EB6CC40C09 /* [CP] Check Pods Manifest.lock */,
				93BC6D6A264D0AA300566508 /* Sources */,
				93BC6D6B264D0AA300566508 /* Frameworks */,
				93BC6D6C264D0AA300566508 /* Resources */,
			);
			buildRules = (
			);
			dependencies = (
				93BC6D70264D0AA300566508 /* PBXTargetDependency */,
			);
			name = task5MADtry2Tests;
			productName = task5MADtry2Tests;
			productReference = 93BC6D6E264D0AA300566508 /* task5MADtry2Tests.xctest */;
			productType = "com.apple.product-type.bundle.unit-test";
		};
		93BC6D78264D0AA400566508 /* task5MADtry2UITests */ = {
			isa = PBXNativeTarget;
			buildConfigurationList = 93BC6DB2264D0AA700566508 /* Build configuration list for PBXNativeTarget "task5MADtry2UITests" */;
			buildPhases = (
				2B102493E563905C2F4DB7BB /* [CP] Check Pods Manifest.lock */,
				93BC6D75264D0AA400566508 /* Sources */,
				93BC6D76264D0AA400566508 /* Frameworks */,
				93BC6D77264D0AA400566508 /* Resources */,
				7CBD53327CCB2FCEBBC7D092 /* [CP] Embed Pods Frameworks */,
			);
			buildRules = (
			);
			dependencies = (
				93BC6D7B264D0AA400566508 /* PBXTargetDependency */,
			);
			name = task5MADtry2UITests;
			productName = task5MADtry2UITests;
			productReference = 93BC6D79264D0AA400566508 /* task5MADtry2UITests.xctest */;
			productType = "com.apple.product-type.bundle.ui-testing";
		};
		93BC6D81264D0AA400566508 /* task5MADtry2 WatchKit App */ = {
			isa = PBXNativeTarget;
			buildConfigurationList = 93BC6DA8264D0AA700566508 /* Build configuration list for PBXNativeTarget "task5MADtry2 WatchKit App" */;
			buildPhases = (
				1818DD9931C473C9414A82E4 /* [CP] Check Pods Manifest.lock */,
				93BC6D80264D0AA400566508 /* Resources */,
				93BC6DA7264D0AA700566508 /* Embed App Extensions */,
				6FFDD22185B2187D79E6E915 /* Frameworks */,
			);
			buildRules = (
			);
			dependencies = (
				93BC6D94264D0AA500566508 /* PBXTargetDependency */,
			);
			name = "task5MADtry2 WatchKit App";
			productName = "task5MADtry2 WatchKit App";
			productReference = 93BC6D82264D0AA400566508 /* task5MADtry2 WatchKit App.app */;
			productType = "com.apple.product-type.application.watchapp2";
		};
		93BC6D90264D0AA500566508 /* task5MADtry2 WatchKit Extension */ = {
			isa = PBXNativeTarget;
			buildConfigurationList = 93BC6DA4264D0AA700566508 /* Build configuration list for PBXNativeTarget "task5MADtry2 WatchKit Extension" */;
			buildPhases = (
				5B34DD9F5FE038022D101AFF /* [CP] Check Pods Manifest.lock */,
				93BC6D8D264D0AA500566508 /* Sources */,
				93BC6D8E264D0AA500566508 /* Frameworks */,
				93BC6D8F264D0AA500566508 /* Resources */,
				12812B5519473D7229F1C5EE /* [CP] Embed Pods Frameworks */,
			);
			buildRules = (
			);
			dependencies = (
			);
			name = "task5MADtry2 WatchKit Extension";
			productName = "task5MADtry2 WatchKit Extension";
			productReference = 93BC6D91264D0AA500566508 /* task5MADtry2 WatchKit Extension.appex */;
			productType = "com.apple.product-type.watchkit2-extension";
		};
/* End PBXNativeTarget section */

/* Begin PBXProject section */
		93BC6D50264D0AA100566508 /* Project object */ = {
			isa = PBXProject;
			attributes = {
				LastSwiftUpdateCheck = 1240;
				LastUpgradeCheck = 1240;
				TargetAttributes = {
					93BC6D57264D0AA100566508 = {
						CreatedOnToolsVersion = 12.4;
					};
					93BC6D6D264D0AA300566508 = {
						CreatedOnToolsVersion = 12.4;
						TestTargetID = 93BC6D57264D0AA100566508;
					};
					93BC6D78264D0AA400566508 = {
						CreatedOnToolsVersion = 12.4;
						TestTargetID = 93BC6D57264D0AA100566508;
					};
					93BC6D81264D0AA400566508 = {
						CreatedOnToolsVersion = 12.4;
					};
					93BC6D90264D0AA500566508 = {
						CreatedOnToolsVersion = 12.4;
					};
				};
			};
			buildConfigurationList = 93BC6D53264D0AA100566508 /* Build configuration list for PBXProject "task5MADtry2" */;
			compatibilityVersion = "Xcode 9.3";
			developmentRegion = en;
			hasScannedForEncodings = 0;
			knownRegions = (
				en,
				Base,
			);
			mainGroup = 93BC6D4F264D0AA100566508;
			productRefGroup = 93BC6D59264D0AA100566508 /* Products */;
			projectDirPath = "";
			projectRoot = "";
			targets = (
				93BC6D57264D0AA100566508 /* task5MADtry2 */,
				93BC6D6D264D0AA300566508 /* task5MADtry2Tests */,
				93BC6D78264D0AA400566508 /* task5MADtry2UITests */,
				93BC6D81264D0AA400566508 /* task5MADtry2 WatchKit App */,
				93BC6D90264D0AA500566508 /* task5MADtry2 WatchKit Extension */,
			);
		};
/* End PBXProject section */

/* Begin PBXResourcesBuildPhase section */
		93BC6D56264D0AA100566508 /* Resources */ = {
			isa = PBXResourcesBuildPhase;
			buildActionMask = 2147483647;
			files = (
				93BC6D68264D0AA300566508 /* LaunchScreen.storyboard in Resources */,
				93BC6DD1264D0B2200566508 /* Alegreya-BoldItalic.ttf in Resources */,
				93BC6DCB264D0B2200566508 /* Alegreya-Bold.ttf in Resources */,
				93BC6DE0264D0B2200566508 /* Alegreya-ExtraBold.ttf in Resources */,
				93BC6DD4264D0B2200566508 /* Alegreya-Italic.ttf in Resources */,
				93BC6DC8264D0B2200566508 /* Alegreya-MediumItalic.ttf in Resources */,
				93BC6DDA264D0B2200566508 /* Alegreya-Medium.ttf in Resources */,
				93BC6DC5264D0B2200566508 /* Alegreya-Regular.ttf in Resources */,
				93BC6D65264D0AA300566508 /* Assets.xcassets in Resources */,
				93BC6DCE264D0B2200566508 /* Alegreya-BlackItalic.ttf in Resources */,
				93BC6DD7264D0B2200566508 /* Alegreya-ExtraBoldItalic.ttf in Resources */,
				93BC6DDD264D0B2200566508 /* Alegreya-Black.ttf in Resources */,
				93BC6D63264D0AA100566508 /* Main.storyboard in Resources */,
			);
			runOnlyForDeploymentPostprocessing = 0;
		};
		93BC6D6C264D0AA300566508 /* Resources */ = {
			isa = PBXResourcesBuildPhase;
			buildActionMask = 2147483647;
			files = (
			);
			runOnlyForDeploymentPostprocessing = 0;
		};
		93BC6D77264D0AA400566508 /* Resources */ = {
			isa = PBXResourcesBuildPhase;
			buildActionMask = 2147483647;
			files = (
			);
			runOnlyForDeploymentPostprocessing = 0;
		};
		93BC6D80264D0AA400566508 /* Resources */ = {
			isa = PBXResourcesBuildPhase;
			buildActionMask = 2147483647;
			files = (
				93BC6D8B264D0AA500566508 /* Assets.xcassets in Resources */,
				93BC6DDE264D0B2200566508 /* Alegreya-Black.ttf in Resources */,
				93BC6DD2264D0B2200566508 /* Alegreya-BoldItalic.ttf in Resources */,
				93BC6D89264D0AA400566508 /* Interface.storyboard in Resources */,
				93BC6DDB264D0B2200566508 /* Alegreya-Medium.ttf in Resources */,
				93BC6DCC264D0B2200566508 /* Alegreya-Bold.ttf in Resources */,
				93BC6DE1264D0B2200566508 /* Alegreya-ExtraBold.ttf in Resources */,
				93BC6DD8264D0B2200566508 /* Alegreya-ExtraBoldItalic.ttf in Resources */,
				93BC6DD5264D0B2200566508 /* Alegreya-Italic.ttf in Resources */,
				93BC6DC6264D0B2200566508 /* Alegreya-Regular.ttf in Resources */,
				93BC6DCF264D0B2200566508 /* Alegreya-BlackItalic.ttf in Resources */,
				93BC6DC9264D0B2200566508 /* Alegreya-MediumItalic.ttf in Resources */,
			);
			runOnlyForDeploymentPostprocessing = 0;
		};
		93BC6D8F264D0AA500566508 /* Resources */ = {
			isa = PBXResourcesBuildPhase;
			buildActionMask = 2147483647;
			files = (
				93BC6DDC264D0B2200566508 /* Alegreya-Medium.ttf in Resources */,
				93BC6D9F264D0AA700566508 /* Assets.xcassets in Resources */,
				93BC6DDF264D0B2200566508 /* Alegreya-Black.ttf in Resources */,
				93BC6DD3264D0B2200566508 /* Alegreya-BoldItalic.ttf in Resources */,
				93BC6DD9264D0B2200566508 /* Alegreya-ExtraBoldItalic.ttf in Resources */,
				93BC6DD6264D0B2200566508 /* Alegreya-Italic.ttf in Resources */,
				93BC6DCD264D0B2200566508 /* Alegreya-Bold.ttf in Resources */,
				93BC6DE2264D0B2200566508 /* Alegreya-ExtraBold.ttf in Resources */,
				93BC6DD0264D0B2200566508 /* Alegreya-BlackItalic.ttf in Resources */,
				93BC6DCA264D0B2200566508 /* Alegreya-MediumItalic.ttf in Resources */,
				93BC6DC7264D0B2200566508 /* Alegreya-Regular.ttf in Resources */,
			);
			runOnlyForDeploymentPostprocessing = 0;
		};
/* End PBXResourcesBuildPhase section */

/* Begin PBXShellScriptBuildPhase section */
		12812B5519473D7229F1C5EE /* [CP] Embed Pods Frameworks */ = {
			isa = PBXShellScriptBuildPhase;
			buildActionMask = 2147483647;
			files = (
			);
			inputFileListPaths = (
				"${PODS_ROOT}/Target Support Files/Pods-task5MADtry2 WatchKit Extension/Pods-task5MADtry2 WatchKit Extension-frameworks-${CONFIGURATION}-input-files.xcfilelist",
			);
			name = "[CP] Embed Pods Frameworks";
			outputFileListPaths = (
				"${PODS_ROOT}/Target Support Files/Pods-task5MADtry2 WatchKit Extension/Pods-task5MADtry2 WatchKit Extension-frameworks-${CONFIGURATION}-output-files.xcfilelist",
			);
			runOnlyForDeploymentPostprocessing = 0;
			shellPath = /bin/sh;
			shellScript = "\"${PODS_ROOT}/Target Support Files/Pods-task5MADtry2 WatchKit Extension/Pods-task5MADtry2 WatchKit Extension-frameworks.sh\"\n";
			showEnvVarsInLog = 0;
		};
		1818DD9931C473C9414A82E4 /* [CP] Check Pods Manifest.lock */ = {
			isa = PBXShellScriptBuildPhase;
			buildActionMask = 2147483647;
			files = (
			);
			inputFileListPaths = (
			);
			inputPaths = (
				"${PODS_PODFILE_DIR_PATH}/Podfile.lock",
				"${PODS_ROOT}/Manifest.lock",
			);
			name = "[CP] Check Pods Manifest.lock";
			outputFileListPaths = (
			);
			outputPaths = (
				"$(DERIVED_FILE_DIR)/Pods-task5MADtry2 WatchKit App-checkManifestLockResult.txt",
			);
			runOnlyForDeploymentPostprocessing = 0;
			shellPath = /bin/sh;
			shellScript = "diff \"${PODS_PODFILE_DIR_PATH}/Podfile.lock\" \"${PODS_ROOT}/Manifest.lock\" > /dev/null\nif [ $? != 0 ] ; then\n    # print error to STDERR\n    echo \"error: The sandbox is not in sync with the Podfile.lock. Run 'pod install' or update your CocoaPods installation.\" >&2\n    exit 1\nfi\n# This output is used by Xcode 'outputs' to avoid re-running this script phase.\necho \"SUCCESS\" > \"${SCRIPT_OUTPUT_FILE_0}\"\n";
			showEnvVarsInLog = 0;
		};
		2B102493E563905C2F4DB7BB /* [CP] Check Pods Manifest.lock */ = {
			isa = PBXShellScriptBuildPhase;
			buildActionMask = 2147483647;
			files = (
			);
			inputFileListPaths = (
			);
			inputPaths = (
				"${PODS_PODFILE_DIR_PATH}/Podfile.lock",
				"${PODS_ROOT}/Manifest.lock",
			);
			name = "[CP] Check Pods Manifest.lock";
			outputFileListPaths = (
			);
			outputPaths = (
				"$(DERIVED_FILE_DIR)/Pods-task5MADtry2-task5MADtry2UITests-checkManifestLockResult.txt",
			);
			runOnlyForDeploymentPostprocessing = 0;
			shellPath = /bin/sh;
			shellScript = "diff \"${PODS_PODFILE_DIR_PATH}/Podfile.lock\" \"${PODS_ROOT}/Manifest.lock\" > /dev/null\nif [ $? != 0 ] ; then\n    # print error to STDERR\n    echo \"error: The sandbox is not in sync with the Podfile.lock. Run 'pod install' or update your CocoaPods installation.\" >&2\n    exit 1\nfi\n# This output is used by Xcode 'outputs' to avoid re-running this script phase.\necho \"SUCCESS\" > \"${SCRIPT_OUTPUT_FILE_0}\"\n";
			showEnvVarsInLog = 0;
		};
		4EC45EC124A4F8EB6CC40C09 /* [CP] Check Pods Manifest.lock */ = {
			isa = PBXShellScriptBuildPhase;
			buildActionMask = 2147483647;
			files = (
			);
			inputFileListPaths = (
			);
			inputPaths = (
				"${PODS_PODFILE_DIR_PATH}/Podfile.lock",
				"${PODS_ROOT}/Manifest.lock",
			);
			name = "[CP] Check Pods Manifest.lock";
			outputFileListPaths = (
			);
			outputPaths = (
				"$(DERIVED_FILE_DIR)/Pods-task5MADtry2Tests-checkManifestLockResult.txt",
			);
			runOnlyForDeploymentPostprocessing = 0;
			shellPath = /bin/sh;
			shellScript = "diff \"${PODS_PODFILE_DIR_PATH}/Podfile.lock\" \"${PODS_ROOT}/Manifest.lock\" > /dev/null\nif [ $? != 0 ] ; then\n    # print error to STDERR\n    echo \"error: The sandbox is not in sync with the Podfile.lock. Run 'pod install' or update your CocoaPods installation.\" >&2\n    exit 1\nfi\n# This output is used by Xcode 'outputs' to avoid re-running this script phase.\necho \"SUCCESS\" > \"${SCRIPT_OUTPUT_FILE_0}\"\n";
			showEnvVarsInLog = 0;
		};
		5B34DD9F5FE038022D101AFF /* [CP] Check Pods Manifest.lock */ = {
			isa = PBXShellScriptBuildPhase;
			buildActionMask = 2147483647;
			files = (
			);
			inputFileListPaths = (
			);
			inputPaths = (
				"${PODS_PODFILE_DIR_PATH}/Podfile.lock",
				"${PODS_ROOT}/Manifest.lock",
			);
			name = "[CP] Check Pods Manifest.lock";
			outputFileListPaths = (
			);
			outputPaths = (
				"$(DERIVED_FILE_DIR)/Pods-task5MADtry2 WatchKit Extension-checkManifestLockResult.txt",
			);
			runOnlyForDeploymentPostprocessing = 0;
			shellPath = /bin/sh;
			shellScript = "diff \"${PODS_PODFILE_DIR_PATH}/Podfile.lock\" \"${PODS_ROOT}/Manifest.lock\" > /dev/null\nif [ $? != 0 ] ; then\n    # print error to STDERR\n    echo \"error: The sandbox is not in sync with the Podfile.lock. Run 'pod install' or update your CocoaPods installation.\" >&2\n    exit 1\nfi\n# This output is used by Xcode 'outputs' to avoid re-running this script phase.\necho \"SUCCESS\" > \"${SCRIPT_OUTPUT_FILE_0}\"\n";
			showEnvVarsInLog = 0;
		};
		6EAC5CCFC7693652E7B7645D /* [CP] Embed Pods Frameworks */ = {
			isa = PBXShellScriptBuildPhase;
			buildActionMask = 2147483647;
			files = (
			);
			inputFileListPaths = (
				"${PODS_ROOT}/Target Support Files/Pods-task5MADtry2/Pods-task5MADtry2-frameworks-${CONFIGURATION}-input-files.xcfilelist",
			);
			name = "[CP] Embed Pods Frameworks";
			outputFileListPaths = (
				"${PODS_ROOT}/Target Support Files/Pods-task5MADtry2/Pods-task5MADtry2-frameworks-${CONFIGURATION}-output-files.xcfilelist",
			);
			runOnlyForDeploymentPostprocessing = 0;
			shellPath = /bin/sh;
			shellScript = "\"${PODS_ROOT}/Target Support Files/Pods-task5MADtry2/Pods-task5MADtry2-frameworks.sh\"\n";
			showEnvVarsInLog = 0;
		};
		7CBD53327CCB2FCEBBC7D092 /* [CP] Embed Pods Frameworks */ = {
			isa = PBXShellScriptBuildPhase;
			buildActionMask = 2147483647;
			files = (
			);
			inputFileListPaths = (
				"${PODS_ROOT}/Target Support Files/Pods-task5MADtry2-task5MADtry2UITests/Pods-task5MADtry2-task5MADtry2UITests-frameworks-${CONFIGURATION}-input-files.xcfilelist",
			);
			name = "[CP] Embed Pods Frameworks";
			outputFileListPaths = (
				"${PODS_ROOT}/Target Support Files/Pods-task5MADtry2-task5MADtry2UITests/Pods-task5MADtry2-task5MADtry2UITests-frameworks-${CONFIGURATION}-output-files.xcfilelist",
			);
			runOnlyForDeploymentPostprocessing = 0;
			shellPath = /bin/sh;
			shellScript = "\"${PODS_ROOT}/Target Support Files/Pods-task5MADtry2-task5MADtry2UITests/Pods-task5MADtry2-task5MADtry2UITests-frameworks.sh\"\n";
			showEnvVarsInLog = 0;
		};
		8B082C6F9D8AF6563736CA48 /* [CP] Check Pods Manifest.lock */ = {
			isa = PBXShellScriptBuildPhase;
			buildActionMask = 2147483647;
			files = (
			);
			inputFileListPaths = (
			);
			inputPaths = (
				"${PODS_PODFILE_DIR_PATH}/Podfile.lock",
				"${PODS_ROOT}/Manifest.lock",
			);
			name = "[CP] Check Pods Manifest.lock";
			outputFileListPaths = (
			);
			outputPaths = (
				"$(DERIVED_FILE_DIR)/Pods-task5MADtry2-checkManifestLockResult.txt",
			);
			runOnlyForDeploymentPostprocessing = 0;
			shellPath = /bin/sh;
			shellScript = "diff \"${PODS_PODFILE_DIR_PATH}/Podfile.lock\" \"${PODS_ROOT}/Manifest.lock\" > /dev/null\nif [ $? != 0 ] ; then\n    # print error to STDERR\n    echo \"error: The sandbox is not in sync with the Podfile.lock. Run 'pod install' or update your CocoaPods installation.\" >&2\n    exit 1\nfi\n# This output is used by Xcode 'outputs' to avoid re-running this script phase.\necho \"SUCCESS\" > \"${SCRIPT_OUTPUT_FILE_0}\"\n";
			showEnvVarsInLog = 0;
		};
/* End PBXShellScriptBuildPhase section */

/* Begin PBXSourcesBuildPhase section */
		93BC6D54264D0AA100566508 /* Sources */ = {
			isa = PBXSourcesBuildPhase;
			buildActionMask = 2147483647;
			files = (
				93BC6E09264D0DC200566508 /* ViewControllerRegister.swift in Sources */,
				93BC6DFD264D0DB100566508 /* ViewControllerLogin.swift in Sources */,
				93BC6E23264D2EC400566508 /* ViewControllerHome.swift in Sources */,
				93BC6D60264D0AA100566508 /* ViewControllerHello.swift in Sources */,
				93BC6D5C264D0AA100566508 /* AppDelegate.swift in Sources */,
				93BC6D5E264D0AA100566508 /* SceneDelegate.swift in Sources */,
				93BC6E10264D1DA300566508 /* ApiClient.swift in Sources */,
			);
			runOnlyForDeploymentPostprocessing = 0;
		};
		93BC6D6A264D0AA300566508 /* Sources */ = {
			isa = PBXSourcesBuildPhase;
			buildActionMask = 2147483647;
			files = (
				93BC6D73264D0AA300566508 /* task5MADtry2Tests.swift in Sources */,
			);
			runOnlyForDeploymentPostprocessing = 0;
		};
		93BC6D75264D0AA400566508 /* Sources */ = {
			isa = PBXSourcesBuildPhase;
			buildActionMask = 2147483647;
			files = (
				93BC6D7E264D0AA400566508 /* task5MADtry2UITests.swift in Sources */,
			);
			runOnlyForDeploymentPostprocessing = 0;
		};
		93BC6D8D264D0AA500566508 /* Sources */ = {
			isa = PBXSourcesBuildPhase;
			buildActionMask = 2147483647;
			files = (
				93BC6D9B264D0AA500566508 /* NotificationController.swift in Sources */,
				93BC6D9D264D0AA500566508 /* ComplicationController.swift in Sources */,
				93BC6D99264D0AA500566508 /* ExtensionDelegate.swift in Sources */,
				93BC6D97264D0AA500566508 /* InterfaceController.swift in Sources */,
				93BC6E1C264D1DAD00566508 /* ApiClient.swift in Sources */,
			);
			runOnlyForDeploymentPostprocessing = 0;
		};
/* End PBXSourcesBuildPhase section */

/* Begin PBXTargetDependency section */
		93BC6D70264D0AA300566508 /* PBXTargetDependency */ = {
			isa = PBXTargetDependency;
			target = 93BC6D57264D0AA100566508 /* task5MADtry2 */;
			targetProxy = 93BC6D6F264D0AA300566508 /* PBXContainerItemProxy */;
		};
		93BC6D7B264D0AA400566508 /* PBXTargetDependency */ = {
			isa = PBXTargetDependency;
			target = 93BC6D57264D0AA100566508 /* task5MADtry2 */;
			targetProxy = 93BC6D7A264D0AA400566508 /* PBXContainerItemProxy */;
		};
		93BC6D85264D0AA400566508 /* PBXTargetDependency */ = {
			isa = PBXTargetDependency;
			target = 93BC6D81264D0AA400566508 /* task5MADtry2 WatchKit App */;
			targetProxy = 93BC6D84264D0AA400566508 /* PBXContainerItemProxy */;
		};
		93BC6D94264D0AA500566508 /* PBXTargetDependency */ = {
			isa = PBXTargetDependency;
			target = 93BC6D90264D0AA500566508 /* task5MADtry2 WatchKit Extension */;
			targetProxy = 93BC6D93264D0AA500566508 /* PBXContainerItemProxy */;
		};
/* End PBXTargetDependency section */

/* Begin PBXVariantGroup section */
		93BC6D61264D0AA100566508 /* Main.storyboard */ = {
			isa = PBXVariantGroup;
			children = (
				93BC6D62264D0AA100566508 /* Base */,
			);
			name = Main.storyboard;
			sourceTree = "<group>";
		};
		93BC6D66264D0AA300566508 /* LaunchScreen.storyboard */ = {
			isa = PBXVariantGroup;
			children = (
				93BC6D67264D0AA300566508 /* Base */,
			);
			name = LaunchScreen.storyboard;
			sourceTree = "<group>";
		};
		93BC6D87264D0AA400566508 /* Interface.storyboard */ = {
			isa = PBXVariantGroup;
			children = (
				93BC6D88264D0AA400566508 /* Base */,
			);
			name = Interface.storyboard;
			sourceTree = "<group>";
		};
/* End PBXVariantGroup section */

/* Begin XCBuildConfiguration section */
		93BC6DA2264D0AA700566508 /* Debug */ = {
			isa = XCBuildConfiguration;
			buildSettings = {
				ALWAYS_SEARCH_USER_PATHS = NO;
				CLANG_ANALYZER_NONNULL = YES;
				CLANG_ANALYZER_NUMBER_OBJECT_CONVERSION = YES_AGGRESSIVE;
				CLANG_CXX_LANGUAGE_STANDARD = "gnu++14";
				CLANG_CXX_LIBRARY = "libc++";
				CLANG_ENABLE_MODULES = YES;
				CLANG_ENABLE_OBJC_ARC = YES;
				CLANG_ENABLE_OBJC_WEAK = YES;
				CLANG_WARN_BLOCK_CAPTURE_AUTORELEASING = YES;
				CLANG_WARN_BOOL_CONVERSION = YES;
				CLANG_WARN_COMMA = YES;
				CLANG_WARN_CONSTANT_CONVERSION = YES;
				CLANG_WARN_DEPRECATED_OBJC_IMPLEMENTATIONS = YES;
				CLANG_WARN_DIRECT_OBJC_ISA_USAGE = YES_ERROR;
				CLANG_WARN_DOCUMENTATION_COMMENTS = YES;
				CLANG_WARN_EMPTY_BODY = YES;
				CLANG_WARN_ENUM_CONVERSION = YES;
				CLANG_WARN_INFINITE_RECURSION = YES;
				CLANG_WARN_INT_CONVERSION = YES;
				CLANG_WARN_NON_LITERAL_NULL_CONVERSION = YES;
				CLANG_WARN_OBJC_IMPLICIT_RETAIN_SELF = YES;
				CLANG_WARN_OBJC_LITERAL_CONVERSION = YES;
				CLANG_WARN_OBJC_ROOT_CLASS = YES_ERROR;
				CLANG_WARN_QUOTED_INCLUDE_IN_FRAMEWORK_HEADER = YES;
				CLANG_WARN_RANGE_LOOP_ANALYSIS = YES;
				CLANG_WARN_STRICT_PROTOTYPES = YES;
				CLANG_WARN_SUSPICIOUS_MOVE = YES;
				CLANG_WARN_UNGUARDED_AVAILABILITY = YES_AGGRESSIVE;
				CLANG_WARN_UNREACHABLE_CODE = YES;
				CLANG_WARN__DUPLICATE_METHOD_MATCH = YES;
				COPY_PHASE_STRIP = NO;
				DEBUG_INFORMATION_FORMAT = dwarf;
				ENABLE_STRICT_OBJC_MSGSEND = YES;
				ENABLE_TESTABILITY = YES;
				GCC_C_LANGUAGE_STANDARD = gnu11;
				GCC_DYNAMIC_NO_PIC = NO;
				GCC_NO_COMMON_BLOCKS = YES;
				GCC_OPTIMIZATION_LEVEL = 0;
				GCC_PREPROCESSOR_DEFINITIONS = (
					"DEBUG=1",
					"$(inherited)",
				);
				GCC_WARN_64_TO_32_BIT_CONVERSION = YES;
				GCC_WARN_ABOUT_RETURN_TYPE = YES_ERROR;
				GCC_WARN_UNDECLARED_SELECTOR = YES;
				GCC_WARN_UNINITIALIZED_AUTOS = YES_AGGRESSIVE;
				GCC_WARN_UNUSED_FUNCTION = YES;
				GCC_WARN_UNUSED_VARIABLE = YES;
				MTL_ENABLE_DEBUG_INFO = INCLUDE_SOURCE;
				MTL_FAST_MATH = YES;
				ONLY_ACTIVE_ARCH = YES;
				SWIFT_ACTIVE_COMPILATION_CONDITIONS = DEBUG;
				SWIFT_OPTIMIZATION_LEVEL = "-Onone";
			};
			name = Debug;
		};
		93BC6DA3264D0AA700566508 /* Release */ = {
			isa = XCBuildConfiguration;
			buildSettings = {
				ALWAYS_SEARCH_USER_PATHS = NO;
				CLANG_ANALYZER_NONNULL = YES;
				CLANG_ANALYZER_NUMBER_OBJECT_CONVERSION = YES_AGGRESSIVE;
				CLANG_CXX_LANGUAGE_STANDARD = "gnu++14";
				CLANG_CXX_LIBRARY = "libc++";
				CLANG_ENABLE_MODULES = YES;
				CLANG_ENABLE_OBJC_ARC = YES;
				CLANG_ENABLE_OBJC_WEAK = YES;
				CLANG_WARN_BLOCK_CAPTURE_AUTORELEASING = YES;
				CLANG_WARN_BOOL_CONVERSION = YES;
				CLANG_WARN_COMMA = YES;
				CLANG_WARN_CONSTANT_CONVERSION = YES;
				CLANG_WARN_DEPRECATED_OBJC_IMPLEMENTATIONS = YES;
				CLANG_WARN_DIRECT_OBJC_ISA_USAGE = YES_ERROR;
				CLANG_WARN_DOCUMENTATION_COMMENTS = YES;
				CLANG_WARN_EMPTY_BODY = YES;
				CLANG_WARN_ENUM_CONVERSION = YES;
				CLANG_WARN_INFINITE_RECURSION = YES;
				CLANG_WARN_INT_CONVERSION = YES;
				CLANG_WARN_NON_LITERAL_NULL_CONVERSION = YES;
				CLANG_WARN_OBJC_IMPLICIT_RETAIN_SELF = YES;
				CLANG_WARN_OBJC_LITERAL_CONVERSION = YES;
				CLANG_WARN_OBJC_ROOT_CLASS = YES_ERROR;
				CLANG_WARN_QUOTED_INCLUDE_IN_FRAMEWORK_HEADER = YES;
				CLANG_WARN_RANGE_LOOP_ANALYSIS = YES;
				CLANG_WARN_STRICT_PROTOTYPES = YES;
				CLANG_WARN_SUSPICIOUS_MOVE = YES;
				CLANG_WARN_UNGUARDED_AVAILABILITY = YES_AGGRESSIVE;
				CLANG_WARN_UNREACHABLE_CODE = YES;
				CLANG_WARN__DUPLICATE_METHOD_MATCH = YES;
				COPY_PHASE_STRIP = NO;
				DEBUG_INFORMATION_FORMAT = "dwarf-with-dsym";
				ENABLE_NS_ASSERTIONS = NO;
				ENABLE_STRICT_OBJC_MSGSEND = YES;
				GCC_C_LANGUAGE_STANDARD = gnu11;
				GCC_NO_COMMON_BLOCKS = YES;
				GCC_WARN_64_TO_32_BIT_CONVERSION = YES;
				GCC_WARN_ABOUT_RETURN_TYPE = YES_ERROR;
				GCC_WARN_UNDECLARED_SELECTOR = YES;
				GCC_WARN_UNINITIALIZED_AUTOS = YES_AGGRESSIVE;
				GCC_WARN_UNUSED_FUNCTION = YES;
				GCC_WARN_UNUSED_VARIABLE = YES;
				MTL_ENABLE_DEBUG_INFO = NO;
				MTL_FAST_MATH = YES;
				SWIFT_COMPILATION_MODE = wholemodule;
				SWIFT_OPTIMIZATION_LEVEL = "-O";
			};
			name = Release;
		};
		93BC6DA5264D0AA700566508 /* Debug */ = {
			isa = XCBuildConfiguration;
			baseConfigurationReference = 6178A2A38560CE20F6F943C2 /* Pods-task5MADtry2 WatchKit Extension.debug.xcconfig */;
			buildSettings = {
				ASSETCATALOG_COMPILER_COMPLICATION_NAME = Complication;
				CODE_SIGN_STYLE = Automatic;
				DEVELOPMENT_TEAM = 73S8J9N7ZU;
				INFOPLIST_FILE = "task5MADtry2 WatchKit Extension/Info.plist";
				LD_RUNPATH_SEARCH_PATHS = (
					"$(inherited)",
					"@executable_path/Frameworks",
					"@executable_path/../../Frameworks",
				);
				PRODUCT_BUNDLE_IDENTIFIER = Daniil.task5MADtry2.watchkitapp.watchkitextension;
				PRODUCT_NAME = "${TARGET_NAME}";
				SDKROOT = watchos;
				SKIP_INSTALL = YES;
				SWIFT_VERSION = 5.0;
				TARGETED_DEVICE_FAMILY = 4;
				WATCHOS_DEPLOYMENT_TARGET = 7.2;
			};
			name = Debug;
		};
		93BC6DA6264D0AA700566508 /* Release */ = {
			isa = XCBuildConfiguration;
			baseConfigurationReference = 6EAFB791436DA019C116C6A0 /* Pods-task5MADtry2 WatchKit Extension.release.xcconfig */;
			buildSettings = {
				ASSETCATALOG_COMPILER_COMPLICATION_NAME = Complication;
				CODE_SIGN_STYLE = Automatic;
				DEVELOPMENT_TEAM = 73S8J9N7ZU;
				INFOPLIST_FILE = "task5MADtry2 WatchKit Extension/Info.plist";
				LD_RUNPATH_SEARCH_PATHS = (
					"$(inherited)",
					"@executable_path/Frameworks",
					"@executable_path/../../Frameworks",
				);
				PRODUCT_BUNDLE_IDENTIFIER = Daniil.task5MADtry2.watchkitapp.watchkitextension;
				PRODUCT_NAME = "${TARGET_NAME}";
				SDKROOT = watchos;
				SKIP_INSTALL = YES;
				SWIFT_VERSION = 5.0;
				TARGETED_DEVICE_FAMILY = 4;
				VALIDATE_PRODUCT = YES;
				WATCHOS_DEPLOYMENT_TARGET = 7.2;
			};
			name = Release;
		};
		93BC6DA9264D0AA700566508 /* Debug */ = {
			isa = XCBuildConfiguration;
			baseConfigurationReference = E673BE201E4430A1ADB95E9A /* Pods-task5MADtry2 WatchKit App.debug.xcconfig */;
			buildSettings = {
				ALWAYS_EMBED_SWIFT_STANDARD_LIBRARIES = YES;
				ASSETCATALOG_COMPILER_APPICON_NAME = AppIcon;
				ASSETCATALOG_COMPILER_GLOBAL_ACCENT_COLOR_NAME = AccentColor;
				CODE_SIGN_STYLE = Automatic;
				DEVELOPMENT_TEAM = 73S8J9N7ZU;
				IBSC_MODULE = task5MADtry2_WatchKit_Extension;
				INFOPLIST_FILE = "task5MADtry2 WatchKit App/Info.plist";
				PRODUCT_BUNDLE_IDENTIFIER = Daniil.task5MADtry2.watchkitapp;
				PRODUCT_NAME = "$(TARGET_NAME)";
				SDKROOT = watchos;
				SKIP_INSTALL = YES;
				SWIFT_VERSION = 5.0;
				TARGETED_DEVICE_FAMILY = 4;
				WATCHOS_DEPLOYMENT_TARGET = 7.2;
			};
			name = Debug;
		};
		93BC6DAA264D0AA700566508 /* Release */ = {
			isa = XCBuildConfiguration;
			baseConfigurationReference = CB9AF130B3E49DB9DEFC8916 /* Pods-task5MADtry2 WatchKit App.release.xcconfig */;
			buildSettings = {
				ALWAYS_EMBED_SWIFT_STANDARD_LIBRARIES = YES;
				ASSETCATALOG_COMPILER_APPICON_NAME = AppIcon;
				ASSETCATALOG_COMPILER_GLOBAL_ACCENT_COLOR_NAME = AccentColor;
				CODE_SIGN_STYLE = Automatic;
				DEVELOPMENT_TEAM = 73S8J9N7ZU;
				IBSC_MODULE = task5MADtry2_WatchKit_Extension;
				INFOPLIST_FILE = "task5MADtry2 WatchKit App/Info.plist";
				PRODUCT_BUNDLE_IDENTIFIER = Daniil.task5MADtry2.watchkitapp;
				PRODUCT_NAME = "$(TARGET_NAME)";
				SDKROOT = watchos;
				SKIP_INSTALL = YES;
				SWIFT_VERSION = 5.0;
				TARGETED_DEVICE_FAMILY = 4;
				VALIDATE_PRODUCT = YES;
				WATCHOS_DEPLOYMENT_TARGET = 7.2;
			};
			name = Release;
		};
		93BC6DAD264D0AA700566508 /* Debug */ = {
			isa = XCBuildConfiguration;
			baseConfigurationReference = 844E8BEDA4CF278B1E0401AA /* Pods-task5MADtry2.debug.xcconfig */;
			buildSettings = {
				ASSETCATALOG_COMPILER_APPICON_NAME = AppIcon;
				ASSETCATALOG_COMPILER_GLOBAL_ACCENT_COLOR_NAME = AccentColor;
				CODE_SIGN_STYLE = Automatic;
				DEVELOPMENT_TEAM = 73S8J9N7ZU;
				INFOPLIST_FILE = task5MADtry2/Info.plist;
				IPHONEOS_DEPLOYMENT_TARGET = 14.4;
				LD_RUNPATH_SEARCH_PATHS = (
					"$(inherited)",
					"@executable_path/Frameworks",
				);
				PRODUCT_BUNDLE_IDENTIFIER = Daniil.task5MADtry2;
				PRODUCT_NAME = "$(TARGET_NAME)";
				SDKROOT = iphoneos;
				SWIFT_VERSION = 5.0;
				TARGETED_DEVICE_FAMILY = "1,2";
			};
			name = Debug;
		};
		93BC6DAE264D0AA700566508 /* Release */ = {
			isa = XCBuildConfiguration;
			baseConfigurationReference = F717B2CA522045485E0B14E3 /* Pods-task5MADtry2.release.xcconfig */;
			buildSettings = {
				ASSETCATALOG_COMPILER_APPICON_NAME = AppIcon;
				ASSETCATALOG_COMPILER_GLOBAL_ACCENT_COLOR_NAME = AccentColor;
				CODE_SIGN_STYLE = Automatic;
				DEVELOPMENT_TEAM = 73S8J9N7ZU;
				INFOPLIST_FILE = task5MADtry2/Info.plist;
				IPHONEOS_DEPLOYMENT_TARGET = 14.4;
				LD_RUNPATH_SEARCH_PATHS = (
					"$(inherited)",
					"@executable_path/Frameworks",
				);
				PRODUCT_BUNDLE_IDENTIFIER = Daniil.task5MADtry2;
				PRODUCT_NAME = "$(TARGET_NAME)";
				SDKROOT = iphoneos;
				SWIFT_VERSION = 5.0;
				TARGETED_DEVICE_FAMILY = "1,2";
				VALIDATE_PRODUCT = YES;
			};
			name = Release;
		};
		93BC6DB0264D0AA700566508 /* Debug */ = {
			isa = XCBuildConfiguration;
			baseConfigurationReference = 65EC87708342A4F7CCA53C15 /* Pods-task5MADtry2Tests.debug.xcconfig */;
			buildSettings = {
				ALWAYS_EMBED_SWIFT_STANDARD_LIBRARIES = YES;
				BUNDLE_LOADER = "$(TEST_HOST)";
				CODE_SIGN_STYLE = Automatic;
				DEVELOPMENT_TEAM = 73S8J9N7ZU;
				INFOPLIST_FILE = task5MADtry2Tests/Info.plist;
				IPHONEOS_DEPLOYMENT_TARGET = 14.4;
				LD_RUNPATH_SEARCH_PATHS = (
					"$(inherited)",
					"@executable_path/Frameworks",
					"@loader_path/Frameworks",
				);
				PRODUCT_BUNDLE_IDENTIFIER = Daniil.task5MADtry2Tests;
				PRODUCT_NAME = "$(TARGET_NAME)";
				SDKROOT = iphoneos;
				SWIFT_VERSION = 5.0;
				TARGETED_DEVICE_FAMILY = "1,2";
				TEST_HOST = "$(BUILT_PRODUCTS_DIR)/task5MADtry2.app/task5MADtry2";
			};
			name = Debug;
		};
		93BC6DB1264D0AA700566508 /* Release */ = {
			isa = XCBuildConfiguration;
			baseConfigurationReference = F20CC8349F70048353150D40 /* Pods-task5MADtry2Tests.release.xcconfig */;
			buildSettings = {
				ALWAYS_EMBED_SWIFT_STANDARD_LIBRARIES = YES;
				BUNDLE_LOADER = "$(TEST_HOST)";
				CODE_SIGN_STYLE = Automatic;
				DEVELOPMENT_TEAM = 73S8J9N7ZU;
				INFOPLIST_FILE = task5MADtry2Tests/Info.plist;
				IPHONEOS_DEPLOYMENT_TARGET = 14.4;
				LD_RUNPATH_SEARCH_PATHS = (
					"$(inherited)",
					"@executable_path/Frameworks",
					"@loader_path/Frameworks",
				);
				PRODUCT_BUNDLE_IDENTIFIER = Daniil.task5MADtry2Tests;
				PRODUCT_NAME = "$(TARGET_NAME)";
				SDKROOT = iphoneos;
				SWIFT_VERSION = 5.0;
				TARGETED_DEVICE_FAMILY = "1,2";
				TEST_HOST = "$(BUILT_PRODUCTS_DIR)/task5MADtry2.app/task5MADtry2";
				VALIDATE_PRODUCT = YES;
			};
			name = Release;
		};
		93BC6DB3264D0AA700566508 /* Debug */ = {
			isa = XCBuildConfiguration;
			baseConfigurationReference = D74F82464F69AD2F20E7D5F4 /* Pods-task5MADtry2-task5MADtry2UITests.debug.xcconfig */;
			buildSettings = {
				ALWAYS_EMBED_SWIFT_STANDARD_LIBRARIES = YES;
				CODE_SIGN_STYLE = Automatic;
				DEVELOPMENT_TEAM = 73S8J9N7ZU;
				INFOPLIST_FILE = task5MADtry2UITests/Info.plist;
				IPHONEOS_DEPLOYMENT_TARGET = 14.4;
				LD_RUNPATH_SEARCH_PATHS = (
					"$(inherited)",
					"@executable_path/Frameworks",
					"@loader_path/Frameworks",
				);
				PRODUCT_BUNDLE_IDENTIFIER = Daniil.task5MADtry2UITests;
				PRODUCT_NAME = "$(TARGET_NAME)";
				SDKROOT = iphoneos;
				SWIFT_VERSION = 5.0;
				TARGETED_DEVICE_FAMILY = "1,2";
				TEST_TARGET_NAME = task5MADtry2;
			};
			name = Debug;
		};
		93BC6DB4264D0AA700566508 /* Release */ = {
			isa = XCBuildConfiguration;
			baseConfigurationReference = 2A87B923A3BA40D8E7A9C72F /* Pods-task5MADtry2-task5MADtry2UITests.release.xcconfig */;
			buildSettings = {
				ALWAYS_EMBED_SWIFT_STANDARD_LIBRARIES = YES;
				CODE_SIGN_STYLE = Automatic;
				DEVELOPMENT_TEAM = 73S8J9N7ZU;
				INFOPLIST_FILE = task5MADtry2UITests/Info.plist;
				IPHONEOS_DEPLOYMENT_TARGET = 14.4;
				LD_RUNPATH_SEARCH_PATHS = (
					"$(inherited)",
					"@executable_path/Frameworks",
					"@loader_path/Frameworks",
				);
				PRODUCT_BUNDLE_IDENTIFIER = Daniil.task5MADtry2UITests;
				PRODUCT_NAME = "$(TARGET_NAME)";
				SDKROOT = iphoneos;
				SWIFT_VERSION = 5.0;
				TARGETED_DEVICE_FAMILY = "1,2";
				TEST_TARGET_NAME = task5MADtry2;
				VALIDATE_PRODUCT = YES;
			};
			name = Release;
		};
/* End XCBuildConfiguration section */

/* Begin XCConfigurationList section */
		93BC6D53264D0AA100566508 /* Build configuration list for PBXProject "task5MADtry2" */ = {
			isa = XCConfigurationList;
			buildConfigurations = (
				93BC6DA2264D0AA700566508 /* Debug */,
				93BC6DA3264D0AA700566508 /* Release */,
			);
			defaultConfigurationIsVisible = 0;
			defaultConfigurationName = Release;
		};
		93BC6DA4264D0AA700566508 /* Build configuration list for PBXNativeTarget "task5MADtry2 WatchKit Extension" */ = {
			isa = XCConfigurationList;
			buildConfigurations = (
				93BC6DA5264D0AA700566508 /* Debug */,
				93BC6DA6264D0AA700566508 /* Release */,
			);
			defaultConfigurationIsVisible = 0;
			defaultConfigurationName = Release;
		};
		93BC6DA8264D0AA700566508 /* Build configuration list for PBXNativeTarget "task5MADtry2 WatchKit App" */ = {
			isa = XCConfigurationList;
			buildConfigurations = (
				93BC6DA9264D0AA700566508 /* Debug */,
				93BC6DAA264D0AA700566508 /* Release */,
			);
			defaultConfigurationIsVisible = 0;
			defaultConfigurationName = Release;
		};
		93BC6DAC264D0AA700566508 /* Build configuration list for PBXNativeTarget "task5MADtry2" */ = {
			isa = XCConfigurationList;
			buildConfigurations = (
				93BC6DAD264D0AA700566508 /* Debug */,
				93BC6DAE264D0AA700566508 /* Release */,
			);
			defaultConfigurationIsVisible = 0;
			defaultConfigurationName = Release;
		};
		93BC6DAF264D0AA700566508 /* Build configuration list for PBXNativeTarget "task5MADtry2Tests" */ = {
			isa = XCConfigurationList;
			buildConfigurations = (
				93BC6DB0264D0AA700566508 /* Debug */,
				93BC6DB1264D0AA700566508 /* Release */,
			);
			defaultConfigurationIsVisible = 0;
			defaultConfigurationName = Release;
		};
		93BC6DB2264D0AA700566508 /* Build configuration list for PBXNativeTarget "task5MADtry2UITests" */ = {
			isa = XCConfigurationList;
			buildConfigurations = (
				93BC6DB3264D0AA700566508 /* Debug */,
				93BC6DB4264D0AA700566508 /* Release */,
			);
			defaultConfigurationIsVisible = 0;
			defaultConfigurationName = Release;
		};
/* End XCConfigurationList section */
	};
	rootObject = 93BC6D50264D0AA100566508 /* Project object */;
}
